
Microsoft Visual Studio Solution File, Format Version 12.00
# Visual Studio Version 16
VisualStudioVersion = 16.0.29613.14
MinimumVisualStudioVersion = 10.0.40219.1
Project("{9A19103F-16F7-4668-BE54-9A1E7A4F7556}") = "Movies.Web", "Movies.Web\Movies.Web.csproj", "{371D2C09-2A2B-4978-AF52-C7B1B6AFFFEE}"
EndProject
Project("{FAE04EC0-301F-11D3-BF4B-00C04F79EFBC}") = "Movies.Repository", "Movies.Repository\Movies.Repository.csproj", "{08A66FFE-EB8E-4DC3-B9A4-DE9B59FF048C}"
EndProject
Project("{FAE04EC0-301F-11D3-BF4B-00C04F79EFBC}") = "Movies.Contracts", "Movies.Contracts\Movies.Contracts.csproj", "{A40AA1B9-85A9-4006-9D7C-48D8ECC30ADA}"
EndProject
Global
	GlobalSection(SolutionConfigurationPlatforms) = preSolution
		Debug|Any CPU = Debug|Any CPU
		Release|Any CPU = Release|Any CPU
	EndGlobalSection
	GlobalSection(ProjectConfigurationPlatforms) = postSolution
		{371D2C09-2A2B-4978-AF52-C7B1B6AFFFEE}.Debug|Any CPU.ActiveCfg = Debug|Any CPU
		{371D2C09-2A2B-4978-AF52-C7B1B6AFFFEE}.Debug|Any CPU.Build.0 = Debug|Any CPU
		{371D2C09-2A2B-4978-AF52-C7B1B6AFFFEE}.Release|Any CPU.ActiveCfg = Release|Any CPU
		{371D2C09-2A2B-4978-AF52-C7B1B6AFFFEE}.Release|Any CPU.Build.0 = Release|Any CPU
		{08A66FFE-EB8E-4DC3-B9A4-DE9B59FF048C}.Debug|Any CPU.ActiveCfg = Debug|Any CPU
		{08A66FFE-EB8E-4DC3-B9A4-DE9B59FF048C}.Debug|Any CPU.Build.0 = Debug|Any CPU
		{08A66FFE-EB8E-4DC3-B9A4-DE9B59FF048C}.Release|Any CPU.ActiveCfg = Release|Any CPU
		{08A66FFE-EB8E-4DC3-B9A4-DE9B59FF048C}.Release|Any CPU.Build.0 = Release|Any CPU
		{A40AA1B9-85A9-4006-9D7C-48D8ECC30ADA}.Debug|Any CPU.ActiveCfg = Debug|Any CPU
		{A40AA1B9-85A9-4006-9D7C-48D8ECC30ADA}.Debug|Any CPU.Build.0 = Debug|Any CPU
		{A40AA1B9-85A9-4006-9D7C-48D8ECC30ADA}.Release|Any CPU.ActiveCfg = Release|Any CPU
		{A40AA1B9-85A9-4006-9D7C-48D8ECC30ADA}.Release|Any CPU.Build.0 = Release|Any CPU
	EndGlobalSection
	GlobalSection(SolutionProperties) = preSolution
		HideSolutionNode = FALSE
	EndGlobalSection
	GlobalSection(ExtensibilityGlobals) = postSolution
		SolutionGuid = {4DB8FCEB-C60A-4088-8EC7-1F577FC643A1}
	EndGlobalSection
EndGlobal
